Microsoft Visual Studio Solution File, Format Version 12.00
# Visual Studio Version 17
VisualStudioVersion = 17.5.2.0
MinimumVisualStudioVersion = 10.0.40219.1
Project("{FAE04EC0-301F-11D3-BF4B-00C04F79EFBC}") = "Bsg_RastgeleSayiUreteci", "Bsg_RastgeleSayiUreteci.csproj", "{EEC57E9C-E6AC-A7C6-F60A-FA38277EEE59}"
EndProject
Global
	GlobalSection(SolutionConfigurationPlatforms) = preSolution
		Debug|Any CPU = Debug|Any CPU
		Release|Any CPU = Release|Any CPU
	EndGlobalSection
	GlobalSection(ProjectConfigurationPlatforms) = postSolution
		{EEC57E9C-E6AC-A7C6-F60A-FA38277EEE59}.Debug|Any CPU.ActiveCfg = Debug|Any CPU
		{EEC57E9C-E6AC-A7C6-F60A-FA38277EEE59}.Debug|Any CPU.Build.0 = Debug|Any CPU
		{EEC57E9C-E6AC-A7C6-F60A-FA38277EEE59}.Release|Any CPU.ActiveCfg = Release|Any CPU
		{EEC57E9C-E6AC-A7C6-F60A-FA38277EEE59}.Release|Any CPU.Build.0 = Release|Any CPU
	EndGlobalSection
	GlobalSection(SolutionProperties) = preSolution
		HideSolutionNode = FALSE
	EndGlobalSection
	GlobalSection(ExtensibilityGlobals) = postSolution
		SolutionGuid = {CE758A9B-7EEA-4E14-971B-B58310B4579D}
	EndGlobalSection
EndGlobal
